// !$*UTF8*$!
{
	archiveVersion = 1;
	classes = {
	};
	objectVersion = 60;
	objects = {

/* Begin PBXBuildFile section */
		5725CF692BDAE18B00AB5589 /* LocationManager.swift in Sources */ = {isa = PBXBuildFile; fileRef = 5725CF682BDAE18B00AB5589 /* LocationManager.swift */; };
		5725CF6D2BDB011200AB5589 /* HomeView.swift in Sources */ = {isa = PBXBuildFile; fileRef = 5725CF6C2BDB011200AB5589 /* HomeView.swift */; };
		5725CF722BDB019B00AB5589 /* MapView.swift in Sources */ = {isa = PBXBuildFile; fileRef = 5725CF712BDB019B00AB5589 /* MapView.swift */; };
		5725CF742BDB01A900AB5589 /* MapViewModel.swift in Sources */ = {isa = PBXBuildFile; fileRef = 5725CF732BDB01A900AB5589 /* MapViewModel.swift */; };
		573AC1C62BDB6CEB00D32220 /* MapViewComponents.swift in Sources */ = {isa = PBXBuildFile; fileRef = 573AC1C52BDB6CEB00D32220 /* MapViewComponents.swift */; };
		573AC1C92BDB6E4600D32220 /* IconView.swift in Sources */ = {isa = PBXBuildFile; fileRef = 573AC1C82BDB6E4600D32220 /* IconView.swift */; };
		573AC1CB2BDB7FDE00D32220 /* AnimatedMarker.swift in Sources */ = {isa = PBXBuildFile; fileRef = 573AC1CA2BDB7FDE00D32220 /* AnimatedMarker.swift */; };
		5778FA072BCD849800CCB87F /* BonVoyageApp.swift in Sources */ = {isa = PBXBuildFile; fileRef = 5778FA062BCD849800CCB87F /* BonVoyageApp.swift */; };
		5778FA092BCD849800CCB87F /* ContentView.swift in Sources */ = {isa = PBXBuildFile; fileRef = 5778FA082BCD849800CCB87F /* ContentView.swift */; };
		5778FA0B2BCD849800CCB87F /* Assets.xcassets in Resources */ = {isa = PBXBuildFile; fileRef = 5778FA0A2BCD849800CCB87F /* Assets.xcassets */; };
		5778FA0E2BCD849800CCB87F /* Preview Assets.xcassets in Resources */ = {isa = PBXBuildFile; fileRef = 5778FA0D2BCD849800CCB87F /* Preview Assets.xcassets */; };
		5778FA362BCD8DD900CCB87F /* MapKit.framework in Frameworks */ = {isa = PBXBuildFile; fileRef = 5778FA352BCD8DD900CCB87F /* MapKit.framework */; };
/* End PBXBuildFile section */

/* Begin PBXCopyFilesBuildPhase section */
		576AAF8C2BFDF30700588BB7 /* Embed Watch Content */ = {
			isa = PBXCopyFilesBuildPhase;
			buildActionMask = 2147483647;
			dstPath = "$(CONTENTS_FOLDER_PATH)/Watch";
			dstSubfolderSpec = 16;
			files = (
			);
			name = "Embed Watch Content";
			runOnlyForDeploymentPostprocessing = 0;
		};
/* End PBXCopyFilesBuildPhase section */

/* Begin PBXFileReference section */
		5725CF682BDAE18B00AB5589 /* LocationManager.swift */ = {isa = PBXFileReference; lastKnownFileType = sourcecode.swift; path = LocationManager.swift; sourceTree = "<group>"; };
		5725CF6C2BDB011200AB5589 /* HomeView.swift */ = {isa = PBXFileReference; lastKnownFileType = sourcecode.swift; path = HomeView.swift; sourceTree = "<group>"; };
		5725CF712BDB019B00AB5589 /* MapView.swift */ = {isa = PBXFileReference; lastKnownFileType = sourcecode.swift; path = MapView.swift; sourceTree = "<group>"; };
		5725CF732BDB01A900AB5589 /* MapViewModel.swift */ = {isa = PBXFileReference; lastKnownFileType = sourcecode.swift; path = MapViewModel.swift; sourceTree = "<group>"; };
		573AC1C52BDB6CEB00D32220 /* MapViewComponents.swift */ = {isa = PBXFileReference; lastKnownFileType = sourcecode.swift; path = MapViewComponents.swift; sourceTree = "<group>"; };
		573AC1C82BDB6E4600D32220 /* IconView.swift */ = {isa = PBXFileReference; lastKnownFileType = sourcecode.swift; path = IconView.swift; sourceTree = "<group>"; };
		573AC1CA2BDB7FDE00D32220 /* AnimatedMarker.swift */ = {isa = PBXFileReference; lastKnownFileType = sourcecode.swift; path = AnimatedMarker.swift; sourceTree = "<group>"; };
		576AAF842BFDF2E500588BB7 /* WatchKit.framework */ = {isa = PBXFileReference; lastKnownFileType = wrapper.framework; name = WatchKit.framework; path = Platforms/WatchOS.platform/Developer/SDKs/WatchOS10.4.sdk/System/Library/Frameworks/WatchKit.framework; sourceTree = DEVELOPER_DIR; };
		5778FA032BCD849800CCB87F /* BonVoyage.app */ = {isa = PBXFileReference; explicitFileType = wrapper.application; includeInIndex = 0; path = BonVoyage.app; sourceTree = BUILT_PRODUCTS_DIR; };
		5778FA062BCD849800CCB87F /* BonVoyageApp.swift */ = {isa = PBXFileReference; lastKnownFileType = sourcecode.swift; path = BonVoyageApp.swift; sourceTree = "<group>"; };
		5778FA082BCD849800CCB87F /* ContentView.swift */ = {isa = PBXFileReference; lastKnownFileType = sourcecode.swift; path = ContentView.swift; sourceTree = "<group>"; };
		5778FA0A2BCD849800CCB87F /* Assets.xcassets */ = {isa = PBXFileReference; lastKnownFileType = folder.assetcatalog; path = Assets.xcassets; sourceTree = "<group>"; };
		5778FA0D2BCD849800CCB87F /* Preview Assets.xcassets */ = {isa = PBXFileReference; lastKnownFileType = folder.assetcatalog; path = "Preview Assets.xcassets"; sourceTree = "<group>"; };
		5778FA302BCD883400CCB87F /* BonVoyage.entitlements */ = {isa = PBXFileReference; lastKnownFileType = text.plist.entitlements; path = BonVoyage.entitlements; sourceTree = "<group>"; };
		5778FA312BCD883900CCB87F /* Info.plist */ = {isa = PBXFileReference; lastKnownFileType = text.plist; path = Info.plist; sourceTree = "<group>"; };
		5778FA352BCD8DD900CCB87F /* MapKit.framework */ = {isa = PBXFileReference; lastKnownFileType = wrapper.framework; name = MapKit.framework; path = System/Library/Frameworks/MapKit.framework; sourceTree = SDKROOT; };
/* End PBXFileReference section */

/* Begin PBXFrameworksBuildPhase section */
		5778FA002BCD849800CCB87F /* Frameworks */ = {
			isa = PBXFrameworksBuildPhase;
			buildActionMask = 2147483647;
			files = (
				5778FA362BCD8DD900CCB87F /* MapKit.framework in Frameworks */,
			);
			runOnlyForDeploymentPostprocessing = 0;
		};
/* End PBXFrameworksBuildPhase section */

/* Begin PBXGroup section */
		5725CF662BDAE16700AB5589 /* Features */ = {
			isa = PBXGroup;
			children = (
				5725CF6A2BDB00F000AB5589 /* Presentation */,
				5725CF672BDAE16F00AB5589 /* Manager */,
			);
			path = Features;
			sourceTree = "<group>";
		};
		5725CF672BDAE16F00AB5589 /* Manager */ = {
			isa = PBXGroup;
			children = (
				5725CF682BDAE18B00AB5589 /* LocationManager.swift */,
			);
			path = Manager;
			sourceTree = "<group>";
		};
		5725CF6A2BDB00F000AB5589 /* Presentation */ = {
			isa = PBXGroup;
			children = (
				573AC1C72BDB6E2B00D32220 /* Components */,
				5725CF6E2BDB015400AB5589 /* MapView */,
				5725CF6B2BDB00FF00AB5589 /* HomeView */,
			);
			path = Presentation;
			sourceTree = "<group>";
		};
		5725CF6B2BDB00FF00AB5589 /* HomeView */ = {
			isa = PBXGroup;
			children = (
				5725CF6C2BDB011200AB5589 /* HomeView.swift */,
			);
			path = HomeView;
			sourceTree = "<group>";
		};
		5725CF6E2BDB015400AB5589 /* MapView */ = {
			isa = PBXGroup;
			children = (
				5725CF702BDB017E00AB5589 /* ViewModel */,
				5725CF6F2BDB017A00AB5589 /* View */,
			);
			path = MapView;
			sourceTree = "<group>";
		};
		5725CF6F2BDB017A00AB5589 /* View */ = {
			isa = PBXGroup;
			children = (
				573AC1C42BDB6CD100D32220 /* Components */,
				5725CF712BDB019B00AB5589 /* MapView.swift */,
			);
			path = View;
			sourceTree = "<group>";
		};
		5725CF702BDB017E00AB5589 /* ViewModel */ = {
			isa = PBXGroup;
			children = (
				5725CF732BDB01A900AB5589 /* MapViewModel.swift */,
			);
			path = ViewModel;
			sourceTree = "<group>";
		};
		573AC1C42BDB6CD100D32220 /* Components */ = {
			isa = PBXGroup;
			children = (
				573AC1C52BDB6CEB00D32220 /* MapViewComponents.swift */,
			);
			path = Components;
			sourceTree = "<group>";
		};
		573AC1C72BDB6E2B00D32220 /* Components */ = {
			isa = PBXGroup;
			children = (
				573AC1C82BDB6E4600D32220 /* IconView.swift */,
				573AC1CA2BDB7FDE00D32220 /* AnimatedMarker.swift */,
			);
			path = Components;
			sourceTree = "<group>";
		};
		5778F9FA2BCD849800CCB87F = {
			isa = PBXGroup;
			children = (
				5778FA052BCD849800CCB87F /* BonVoyage */,
				5778FA042BCD849800CCB87F /* Products */,
				5778FA342BCD8DD900CCB87F /* Frameworks */,
			);
			sourceTree = "<group>";
		};
		5778FA042BCD849800CCB87F /* Products */ = {
			isa = PBXGroup;
			children = (
				5778FA032BCD849800CCB87F /* BonVoyage.app */,
			);
			name = Products;
			sourceTree = "<group>";
		};
		5778FA052BCD849800CCB87F /* BonVoyage */ = {
			isa = PBXGroup;
			children = (
				5725CF662BDAE16700AB5589 /* Features */,
				5778FA312BCD883900CCB87F /* Info.plist */,
				5778FA302BCD883400CCB87F /* BonVoyage.entitlements */,
				5778FA062BCD849800CCB87F /* BonVoyageApp.swift */,
				5778FA082BCD849800CCB87F /* ContentView.swift */,
				5778FA0A2BCD849800CCB87F /* Assets.xcassets */,
				5778FA0C2BCD849800CCB87F /* Preview Content */,
			);
			path = BonVoyage;
			sourceTree = "<group>";
		};
		5778FA0C2BCD849800CCB87F /* Preview Content */ = {
			isa = PBXGroup;
			children = (
				5778FA0D2BCD849800CCB87F /* Preview Assets.xcassets */,
			);
			path = "Preview Content";
			sourceTree = "<group>";
		};
		5778FA342BCD8DD900CCB87F /* Frameworks */ = {
			isa = PBXGroup;
			children = (
				576AAF842BFDF2E500588BB7 /* WatchKit.framework */,
				5778FA352BCD8DD900CCB87F /* MapKit.framework */,
			);
			name = Frameworks;
			sourceTree = "<group>";
		};
/* End PBXGroup section */

/* Begin PBXNativeTarget section */
		5778FA022BCD849800CCB87F /* BonVoyage */ = {
			isa = PBXNativeTarget;
			buildConfigurationList = 5778FA272BCD849900CCB87F /* Build configuration list for PBXNativeTarget "BonVoyage" */;
			buildPhases = (
				5778F9FF2BCD849800CCB87F /* Sources */,
				5778FA002BCD849800CCB87F /* Frameworks */,
				5778FA012BCD849800CCB87F /* Resources */,
				576AAF8C2BFDF30700588BB7 /* Embed Watch Content */,
			);
			buildRules = (
			);
			dependencies = (
			);
			name = BonVoyage;
			packageProductDependencies = (
			);
			productName = BonVoyage;
			productReference = 5778FA032BCD849800CCB87F /* BonVoyage.app */;
			productType = "com.apple.product-type.application";
		};
/* End PBXNativeTarget section */

/* Begin PBXProject section */
		5778F9FB2BCD849800CCB87F /* Project object */ = {
			isa = PBXProject;
			attributes = {
				BuildIndependentTargetsInParallel = YES;
				LastSwiftUpdateCheck = 1400;
				LastUpgradeCheck = 1400;
				TargetAttributes = {
					5778FA022BCD849800CCB87F = {
						CreatedOnToolsVersion = 14.0.1;
					};
				};
			};
			buildConfigurationList = 5778F9FE2BCD849800CCB87F /* Build configuration list for PBXProject "BonVoyage" */;
			compatibilityVersion = "Xcode 14.0";
			developmentRegion = en;
			hasScannedForEncodings = 0;
			knownRegions = (
				en,
				Base,
			);
			mainGroup = 5778F9FA2BCD849800CCB87F;
			packageReferences = (
				576AAFAA2C00BCE400588BB7 /* XCLocalSwiftPackageReference "../Desktop/socket.io-client-swift" */,
			);
			productRefGroup = 5778FA042BCD849800CCB87F /* Products */;
			projectDirPath = "";
			projectRoot = "";
			targets = (
				5778FA022BCD849800CCB87F /* BonVoyage */,
			);
		};
/* End PBXProject section */

/* Begin PBXResourcesBuildPhase section */
		5778FA012BCD849800CCB87F /* Resources */ = {
			isa = PBXResourcesBuildPhase;
			buildActionMask = 2147483647;
			files = (
				5778FA0E2BCD849800CCB87F /* Preview Assets.xcassets in Resources */,
				5778FA0B2BCD849800CCB87F /* Assets.xcassets in Resources */,
			);
			runOnlyForDeploymentPostprocessing = 0;
		};
/* End PBXResourcesBuildPhase section */

/* Begin PBXSourcesBuildPhase section */
		5778F9FF2BCD849800CCB87F /* Sources */ = {
			isa = PBXSourcesBuildPhase;
			buildActionMask = 2147483647;
			files = (
				573AC1CB2BDB7FDE00D32220 /* AnimatedMarker.swift in Sources */,
				5725CF692BDAE18B00AB5589 /* LocationManager.swift in Sources */,
				5725CF722BDB019B00AB5589 /* MapView.swift in Sources */,
				5778FA092BCD849800CCB87F /* ContentView.swift in Sources */,
				5725CF742BDB01A900AB5589 /* MapViewModel.swift in Sources */,
				573AC1C62BDB6CEB00D32220 /* MapViewComponents.swift in Sources */,
				573AC1C92BDB6E4600D32220 /* IconView.swift in Sources */,
				5725CF6D2BDB011200AB5589 /* HomeView.swift in Sources */,
				5778FA072BCD849800CCB87F /* BonVoyageApp.swift in Sources */,
			);
			runOnlyForDeploymentPostprocessing = 0;
		};
/* End PBXSourcesBuildPhase section */

/* Begin XCBuildConfiguration section */
		5778FA252BCD849900CCB87F /* Debug */ = {
			isa = XCBuildConfiguration;
			buildSettings = {
				ALWAYS_SEARCH_USER_PATHS = NO;
				CLANG_ANALYZER_NONNULL = YES;
				CLANG_ANALYZER_NUMBER_OBJECT_CONVERSION = YES_AGGRESSIVE;
				CLANG_CXX_LANGUAGE_STANDARD = "gnu++20";
				CLANG_ENABLE_MODULES = YES;
				CLANG_ENABLE_OBJC_ARC = YES;
				CLANG_ENABLE_OBJC_WEAK = YES;
				CLANG_WARN_BLOCK_CAPTURE_AUTORELEASING = YES;
				CLANG_WARN_BOOL_CONVERSION = YES;
				CLANG_WARN_COMMA = YES;
				CLANG_WARN_CONSTANT_CONVERSION = YES;
				CLANG_WARN_DEPRECATED_OBJC_IMPLEMENTATIONS = YES;
				CLANG_WARN_DIRECT_OBJC_ISA_USAGE = YES_ERROR;
				CLANG_WARN_DOCUMENTATION_COMMENTS = YES;
				CLANG_WARN_EMPTY_BODY = YES;
				CLANG_WARN_ENUM_CONVERSION = YES;
				CLANG_WARN_INFINITE_RECURSION = YES;
				CLANG_WARN_INT_CONVERSION = YES;
				CLANG_WARN_NON_LITERAL_NULL_CONVERSION = YES;
				CLANG_WARN_OBJC_IMPLICIT_RETAIN_SELF = YES;
				CLANG_WARN_OBJC_LITERAL_CONVERSION = YES;
				CLANG_WARN_OBJC_ROOT_CLASS = YES_ERROR;
				CLANG_WARN_QUOTED_INCLUDE_IN_FRAMEWORK_HEADER = YES;
				CLANG_WARN_RANGE_LOOP_ANALYSIS = YES;
				CLANG_WARN_STRICT_PROTOTYPES = YES;
				CLANG_WARN_SUSPICIOUS_MOVE = YES;
				CLANG_WARN_UNGUARDED_AVAILABILITY = YES_AGGRESSIVE;
				CLANG_WARN_UNREACHABLE_CODE = YES;
				CLANG_WARN__DUPLICATE_METHOD_MATCH = YES;
				COPY_PHASE_STRIP = NO;
				DEBUG_INFORMATION_FORMAT = dwarf;
				ENABLE_STRICT_OBJC_MSGSEND = YES;
				ENABLE_TESTABILITY = YES;
				GCC_C_LANGUAGE_STANDARD = gnu11;
				GCC_DYNAMIC_NO_PIC = NO;
				GCC_NO_COMMON_BLOCKS = YES;
				GCC_OPTIMIZATION_LEVEL = 0;
				GCC_PREPROCESSOR_DEFINITIONS = (
					"DEBUG=1",
					"$(inherited)",
				);
				GCC_WARN_64_TO_32_BIT_CONVERSION = YES;
				GCC_WARN_ABOUT_RETURN_TYPE = YES_ERROR;
				GCC_WARN_UNDECLARED_SELECTOR = YES;
				GCC_WARN_UNINITIALIZED_AUTOS = YES_AGGRESSIVE;
				GCC_WARN_UNUSED_FUNCTION = YES;
				GCC_WARN_UNUSED_VARIABLE = YES;
				IPHONEOS_DEPLOYMENT_TARGET = 17.4;
				MTL_ENABLE_DEBUG_INFO = INCLUDE_SOURCE;
				MTL_FAST_MATH = YES;
				ONLY_ACTIVE_ARCH = YES;
				SDKROOT = iphoneos;
				SWIFT_ACTIVE_COMPILATION_CONDITIONS = DEBUG;
				SWIFT_OPTIMIZATION_LEVEL = "-Onone";
				WATCHOS_DEPLOYMENT_TARGET = 10.4;
			};
			name = Debug;
		};
		5778FA262BCD849900CCB87F /* Release */ = {
			isa = XCBuildConfiguration;
			buildSettings = {
				ALWAYS_SEARCH_USER_PATHS = NO;
				CLANG_ANALYZER_NONNULL = YES;
				CLANG_ANALYZER_NUMBER_OBJECT_CONVERSION = YES_AGGRESSIVE;
				CLANG_CXX_LANGUAGE_STANDARD = "gnu++20";
				CLANG_ENABLE_MODULES = YES;
				CLANG_ENABLE_OBJC_ARC = YES;
				CLANG_ENABLE_OBJC_WEAK = YES;
				CLANG_WARN_BLOCK_CAPTURE_AUTORELEASING = YES;
				CLANG_WARN_BOOL_CONVERSION = YES;
				CLANG_WARN_COMMA = YES;
				CLANG_WARN_CONSTANT_CONVERSION = YES;
				CLANG_WARN_DEPRECATED_OBJC_IMPLEMENTATIONS = YES;
				CLANG_WARN_DIRECT_OBJC_ISA_USAGE = YES_ERROR;
				CLANG_WARN_DOCUMENTATION_COMMENTS = YES;
				CLANG_WARN_EMPTY_BODY = YES;
				CLANG_WARN_ENUM_CONVERSION = YES;
				CLANG_WARN_INFINITE_RECURSION = YES;
				CLANG_WARN_INT_CONVERSION = YES;
				CLANG_WARN_NON_LITERAL_NULL_CONVERSION = YES;
				CLANG_WARN_OBJC_IMPLICIT_RETAIN_SELF = YES;
				CLANG_WARN_OBJC_LITERAL_CONVERSION = YES;
				CLANG_WARN_OBJC_ROOT_CLASS = YES_ERROR;
				CLANG_WARN_QUOTED_INCLUDE_IN_FRAMEWORK_HEADER = YES;
				CLANG_WARN_RANGE_LOOP_ANALYSIS = YES;
				CLANG_WARN_STRICT_PROTOTYPES = YES;
				CLANG_WARN_SUSPICIOUS_MOVE = YES;
				CLANG_WARN_UNGUARDED_AVAILABILITY = YES_AGGRESSIVE;
				CLANG_WARN_UNREACHABLE_CODE = YES;
				CLANG_WARN__DUPLICATE_METHOD_MATCH = YES;
				COPY_PHASE_STRIP = NO;
				DEBUG_INFORMATION_FORMAT = "dwarf-with-dsym";
				ENABLE_NS_ASSERTIONS = NO;
				ENABLE_STRICT_OBJC_MSGSEND = YES;
				GCC_C_LANGUAGE_STANDARD = gnu11;
				GCC_NO_COMMON_BLOCKS = YES;
				GCC_WARN_64_TO_32_BIT_CONVERSION = YES;
				GCC_WARN_ABOUT_RETURN_TYPE = YES_ERROR;
				GCC_WARN_UNDECLARED_SELECTOR = YES;
				GCC_WARN_UNINITIALIZED_AUTOS = YES_AGGRESSIVE;
				GCC_WARN_UNUSED_FUNCTION = YES;
				GCC_WARN_UNUSED_VARIABLE = YES;
				IPHONEOS_DEPLOYMENT_TARGET = 17.4;
				MTL_ENABLE_DEBUG_INFO = NO;
				MTL_FAST_MATH = YES;
				SDKROOT = iphoneos;
				SWIFT_COMPILATION_MODE = wholemodule;
				SWIFT_OPTIMIZATION_LEVEL = "-O";
				VALIDATE_PRODUCT = YES;
				WATCHOS_DEPLOYMENT_TARGET = 10.4;
			};
			name = Release;
		};
		5778FA282BCD849900CCB87F /* Debug */ = {
			isa = XCBuildConfiguration;
			buildSettings = {
				ASSETCATALOG_COMPILER_APPICON_NAME = AppIcon;
				ASSETCATALOG_COMPILER_GLOBAL_ACCENT_COLOR_NAME = AccentColor;
				CODE_SIGN_ENTITLEMENTS = BonVoyage/BonVoyage.entitlements;
				CODE_SIGN_STYLE = Automatic;
				CURRENT_PROJECT_VERSION = 1;
				DEVELOPMENT_ASSET_PATHS = "\"BonVoyage/Preview Content\"";
				DEVELOPMENT_TEAM = Q3WX6797WM;
				ENABLE_PREVIEWS = YES;
				GENERATE_INFOPLIST_FILE = YES;
				INFOPLIST_FILE = BonVoyage/Info.plist;
				INFOPLIST_KEY_LSApplicationCategoryType = "public.app-category.navigation";
				INFOPLIST_KEY_UIApplicationSceneManifest_Generation = YES;
				INFOPLIST_KEY_UIApplicationSupportsIndirectInputEvents = YES;
				INFOPLIST_KEY_UILaunchScreen_Generation = YES;
				INFOPLIST_KEY_UISupportedInterfaceOrientations_iPad = "UIInterfaceOrientationPortrait UIInterfaceOrientationPortraitUpsideDown UIInterfaceOrientationLandscapeLeft UIInterfaceOrientationLandscapeRight";
				INFOPLIST_KEY_UISupportedInterfaceOrientations_iPhone = "UIInterfaceOrientationPortrait UIInterfaceOrientationLandscapeLeft UIInterfaceOrientationLandscapeRight";
				IPHONEOS_DEPLOYMENT_TARGET = 17.0;
				LD_RUNPATH_SEARCH_PATHS = (
					"$(inherited)",
					"@executable_path/Frameworks",
				);
				MARKETING_VERSION = 1.0;
				PRODUCT_BUNDLE_IDENTIFIER = Christian.BonVoyage;
				PRODUCT_NAME = "$(TARGET_NAME)";
				SWIFT_EMIT_LOC_STRINGS = YES;
				SWIFT_VERSION = 5.0;
				TARGETED_DEVICE_FAMILY = "1,2";
			};
			name = Debug;
		};
		5778FA292BCD849900CCB87F /* Release */ = {
			isa = XCBuildConfiguration;
			buildSettings = {
				ASSETCATALOG_COMPILER_APPICON_NAME = AppIcon;
				ASSETCATALOG_COMPILER_GLOBAL_ACCENT_COLOR_NAME = AccentColor;
				CODE_SIGN_ENTITLEMENTS = BonVoyage/BonVoyage.entitlements;
				CODE_SIGN_STYLE = Automatic;
				CURRENT_PROJECT_VERSION = 1;
				DEVELOPMENT_ASSET_PATHS = "\"BonVoyage/Preview Content\"";
				DEVELOPMENT_TEAM = Q3WX6797WM;
				ENABLE_PREVIEWS = YES;
				GENERATE_INFOPLIST_FILE = YES;
				INFOPLIST_FILE = BonVoyage/Info.plist;
				INFOPLIST_KEY_LSApplicationCategoryType = "public.app-category.navigation";
				INFOPLIST_KEY_UIApplicationSceneManifest_Generation = YES;
				INFOPLIST_KEY_UIApplicationSupportsIndirectInputEvents = YES;
				INFOPLIST_KEY_UILaunchScreen_Generation = YES;
				INFOPLIST_KEY_UISupportedInterfaceOrientations_iPad = "UIInterfaceOrientationPortrait UIInterfaceOrientationPortraitUpsideDown UIInterfaceOrientationLandscapeLeft UIInterfaceOrientationLandscapeRight";
				INFOPLIST_KEY_UISupportedInterfaceOrientations_iPhone = "UIInterfaceOrientationPortrait UIInterfaceOrientationLandscapeLeft UIInterfaceOrientationLandscapeRight";
				IPHONEOS_DEPLOYMENT_TARGET = 17.0;
				LD_RUNPATH_SEARCH_PATHS = (
					"$(inherited)",
					"@executable_path/Frameworks",
				);
				MARKETING_VERSION = 1.0;
				PRODUCT_BUNDLE_IDENTIFIER = Christian.BonVoyage;
				PRODUCT_NAME = "$(TARGET_NAME)";
				SWIFT_EMIT_LOC_STRINGS = YES;
				SWIFT_VERSION = 5.0;
				TARGETED_DEVICE_FAMILY = "1,2";
			};
			name = Release;
		};
/* End XCBuildConfiguration section */

/* Begin XCConfigurationList section */
		5778F9FE2BCD849800CCB87F /* Build configuration list for PBXProject "BonVoyage" */ = {
			isa = XCConfigurationList;
			buildConfigurations = (
				5778FA252BCD849900CCB87F /* Debug */,
				5778FA262BCD849900CCB87F /* Release */,
			);
			defaultConfigurationIsVisible = 0;
			defaultConfigurationName = Release;
		};
		5778FA272BCD849900CCB87F /* Build configuration list for PBXNativeTarget "BonVoyage" */ = {
			isa = XCConfigurationList;
			buildConfigurations = (
				5778FA282BCD849900CCB87F /* Debug */,
				5778FA292BCD849900CCB87F /* Release */,
			);
			defaultConfigurationIsVisible = 0;
			defaultConfigurationName = Release;
		};
/* End XCConfigurationList section */

/* Begin XCLocalSwiftPackageReference section */
		576AAFAA2C00BCE400588BB7 /* XCLocalSwiftPackageReference "../Desktop/socket.io-client-swift" */ = {
			isa = XCLocalSwiftPackageReference;
			relativePath = "../Desktop/socket.io-client-swift";
		};
/* End XCLocalSwiftPackageReference section */
	};
	rootObject = 5778F9FB2BCD849800CCB87F /* Project object */;
}
