// !$*UTF8*$!
{
	archiveVersion = 1;
	classes = {
	};
	objectVersion = 60;
	objects = {

/* Begin PBXBuildFile section */
		5725CF692BDAE18B00AB5589 /* LocationManager.swift in Sources */ = {isa = PBXBuildFile; fileRef = 5725CF682BDAE18B00AB5589 /* LocationManager.swift */; };
		5725CF6D2BDB011200AB5589 /* HomeView.swift in Sources */ = {isa = PBXBuildFile; fileRef = 5725CF6C2BDB011200AB5589 /* HomeView.swift */; };
		5725CF722BDB019B00AB5589 /* MapView.swift in Sources */ = {isa = PBXBuildFile; fileRef = 5725CF712BDB019B00AB5589 /* MapView.swift */; };
		5725CF742BDB01A900AB5589 /* MapViewModel.swift in Sources */ = {isa = PBXBuildFile; fileRef = 5725CF732BDB01A900AB5589 /* MapViewModel.swift */; };
		573AC1C62BDB6CEB00D32220 /* MapViewComponents.swift in Sources */ = {isa = PBXBuildFile; fileRef = 573AC1C52BDB6CEB00D32220 /* MapViewComponents.swift */; };
		573AC1C92BDB6E4600D32220 /* IconView.swift in Sources */ = {isa = PBXBuildFile; fileRef = 573AC1C82BDB6E4600D32220 /* IconView.swift */; };
		573AC1CB2BDB7FDE00D32220 /* AnimatedMarker.swift in Sources */ = {isa = PBXBuildFile; fileRef = 573AC1CA2BDB7FDE00D32220 /* AnimatedMarker.swift */; };
		576AAFB42C02594500588BB7 /* BonVoyageWatchApp.swift in Sources */ = {isa = PBXBuildFile; fileRef = 576AAFB32C02594500588BB7 /* BonVoyageWatchApp.swift */; };
		576AAFB62C02594500588BB7 /* ContentView.swift in Sources */ = {isa = PBXBuildFile; fileRef = 576AAFB52C02594500588BB7 /* ContentView.swift */; };
		576AAFB82C02594600588BB7 /* Assets.xcassets in Resources */ = {isa = PBXBuildFile; fileRef = 576AAFB72C02594600588BB7 /* Assets.xcassets */; };
		576AAFBB2C02594600588BB7 /* Preview Assets.xcassets in Resources */ = {isa = PBXBuildFile; fileRef = 576AAFBA2C02594600588BB7 /* Preview Assets.xcassets */; };
		576AAFBE2C02594600588BB7 /* BonVoyageWatch Watch App.app in Embed Watch Content */ = {isa = PBXBuildFile; fileRef = 576AAFB12C02594500588BB7 /* BonVoyageWatch Watch App.app */; settings = {ATTRIBUTES = (RemoveHeadersOnCopy, ); }; };
		576AAFC32C0259CD00588BB7 /* MapKit.framework in Frameworks */ = {isa = PBXBuildFile; fileRef = 576AAFC22C0259CD00588BB7 /* MapKit.framework */; };
		576AAFCA2C025ACD00588BB7 /* MapView.swift in Sources */ = {isa = PBXBuildFile; fileRef = 576AAFC92C025ACD00588BB7 /* MapView.swift */; };
		576AAFCB2C025B8300588BB7 /* AnimatedMarker.swift in Sources */ = {isa = PBXBuildFile; fileRef = 573AC1CA2BDB7FDE00D32220 /* AnimatedMarker.swift */; };
		576AAFD62C025F9200588BB7 /* LocationManager.swift in Sources */ = {isa = PBXBuildFile; fileRef = 576AAFD52C025F9200588BB7 /* LocationManager.swift */; };
		576AAFDA2C039AE000588BB7 /* WorkoutView.swift in Sources */ = {isa = PBXBuildFile; fileRef = 576AAFD92C039AE000588BB7 /* WorkoutView.swift */; };
		576AAFDC2C039B9200588BB7 /* ViewModel.swift in Sources */ = {isa = PBXBuildFile; fileRef = 576AAFDB2C039B9200588BB7 /* ViewModel.swift */; };
		576AAFDE2C039C7600588BB7 /* WorkoutManager.swift in Sources */ = {isa = PBXBuildFile; fileRef = 576AAFDD2C039C7600588BB7 /* WorkoutManager.swift */; };
		576AAFE02C039CC400588BB7 /* ConnectivityProvider.swift in Sources */ = {isa = PBXBuildFile; fileRef = 576AAFDF2C039CC400588BB7 /* ConnectivityProvider.swift */; };
		576AAFE22C039D7800588BB7 /* LocationModel.swift in Sources */ = {isa = PBXBuildFile; fileRef = 576AAFE12C039D7800588BB7 /* LocationModel.swift */; };
		576AAFE42C039D8400588BB7 /* HeartRateModel.swift in Sources */ = {isa = PBXBuildFile; fileRef = 576AAFE32C039D8400588BB7 /* HeartRateModel.swift */; };
		576AAFE62C039DEC00588BB7 /* workoutState.swift in Sources */ = {isa = PBXBuildFile; fileRef = 576AAFE52C039DEC00588BB7 /* workoutState.swift */; };
		576AAFE92C03A35600588BB7 /* WatchConnectivity.framework in Frameworks */ = {isa = PBXBuildFile; fileRef = 576AAFE82C03A35600588BB7 /* WatchConnectivity.framework */; };
		576AAFEB2C03A36D00588BB7 /* HealthKit.framework in Frameworks */ = {isa = PBXBuildFile; fileRef = 576AAFEA2C03A36C00588BB7 /* HealthKit.framework */; };
		576AAFED2C03A37800588BB7 /* WatchConnectivity.framework in Frameworks */ = {isa = PBXBuildFile; fileRef = 576AAFEC2C03A37800588BB7 /* WatchConnectivity.framework */; };
		576AAFFD2C0A4E1800588BB7 /* PushNotificationPayload.apns in Resources */ = {isa = PBXBuildFile; fileRef = 576AAFFC2C0A4E1800588BB7 /* PushNotificationPayload.apns */; };
		576AAFFF2C0A4E6000588BB7 /* NotificationView.swift in Sources */ = {isa = PBXBuildFile; fileRef = 576AAFFE2C0A4E6000588BB7 /* NotificationView.swift */; };
		576AB0012C0A53C800588BB7 /* Interface.storyboard in Resources */ = {isa = PBXBuildFile; fileRef = 576AB0002C0A53C800588BB7 /* Interface.storyboard */; };
		5778FA072BCD849800CCB87F /* BonVoyageApp.swift in Sources */ = {isa = PBXBuildFile; fileRef = 5778FA062BCD849800CCB87F /* BonVoyageApp.swift */; };
		5778FA092BCD849800CCB87F /* ContentView.swift in Sources */ = {isa = PBXBuildFile; fileRef = 5778FA082BCD849800CCB87F /* ContentView.swift */; };
		5778FA0B2BCD849800CCB87F /* Assets.xcassets in Resources */ = {isa = PBXBuildFile; fileRef = 5778FA0A2BCD849800CCB87F /* Assets.xcassets */; };
		5778FA0E2BCD849800CCB87F /* Preview Assets.xcassets in Resources */ = {isa = PBXBuildFile; fileRef = 5778FA0D2BCD849800CCB87F /* Preview Assets.xcassets */; };
		5778FA362BCD8DD900CCB87F /* MapKit.framework in Frameworks */ = {isa = PBXBuildFile; fileRef = 5778FA352BCD8DD900CCB87F /* MapKit.framework */; };
/* End PBXBuildFile section */

/* Begin PBXContainerItemProxy section */
		576AAFBC2C02594600588BB7 /* PBXContainerItemProxy */ = {
			isa = PBXContainerItemProxy;
			containerPortal = 5778F9FB2BCD849800CCB87F /* Project object */;
			proxyType = 1;
			remoteGlobalIDString = 576AAFB02C02594500588BB7;
			remoteInfo = "BonVoyageWatch Watch App";
		};
/* End PBXContainerItemProxy section */

/* Begin PBXCopyFilesBuildPhase section */
		576AAF8C2BFDF30700588BB7 /* Embed Watch Content */ = {
			isa = PBXCopyFilesBuildPhase;
			buildActionMask = 2147483647;
			dstPath = "$(CONTENTS_FOLDER_PATH)/Watch";
			dstSubfolderSpec = 16;
			files = (
				576AAFBE2C02594600588BB7 /* BonVoyageWatch Watch App.app in Embed Watch Content */,
			);
			name = "Embed Watch Content";
			runOnlyForDeploymentPostprocessing = 0;
		};
/* End PBXCopyFilesBuildPhase section */

/* Begin PBXFileReference section */
		5725CF682BDAE18B00AB5589 /* LocationManager.swift */ = {isa = PBXFileReference; lastKnownFileType = sourcecode.swift; path = LocationManager.swift; sourceTree = "<group>"; };
		5725CF6C2BDB011200AB5589 /* HomeView.swift */ = {isa = PBXFileReference; lastKnownFileType = sourcecode.swift; path = HomeView.swift; sourceTree = "<group>"; };
		5725CF712BDB019B00AB5589 /* MapView.swift */ = {isa = PBXFileReference; lastKnownFileType = sourcecode.swift; path = MapView.swift; sourceTree = "<group>"; };
		5725CF732BDB01A900AB5589 /* MapViewModel.swift */ = {isa = PBXFileReference; lastKnownFileType = sourcecode.swift; path = MapViewModel.swift; sourceTree = "<group>"; };
		573AC1C52BDB6CEB00D32220 /* MapViewComponents.swift */ = {isa = PBXFileReference; lastKnownFileType = sourcecode.swift; path = MapViewComponents.swift; sourceTree = "<group>"; };
		573AC1C82BDB6E4600D32220 /* IconView.swift */ = {isa = PBXFileReference; lastKnownFileType = sourcecode.swift; path = IconView.swift; sourceTree = "<group>"; };
		573AC1CA2BDB7FDE00D32220 /* AnimatedMarker.swift */ = {isa = PBXFileReference; lastKnownFileType = sourcecode.swift; path = AnimatedMarker.swift; sourceTree = "<group>"; };
		576AAF842BFDF2E500588BB7 /* WatchKit.framework */ = {isa = PBXFileReference; lastKnownFileType = wrapper.framework; name = WatchKit.framework; path = Platforms/WatchOS.platform/Developer/SDKs/WatchOS10.4.sdk/System/Library/Frameworks/WatchKit.framework; sourceTree = DEVELOPER_DIR; };
		576AAFB12C02594500588BB7 /* BonVoyageWatch Watch App.app */ = {isa = PBXFileReference; explicitFileType = wrapper.application; includeInIndex = 0; path = "BonVoyageWatch Watch App.app"; sourceTree = BUILT_PRODUCTS_DIR; };
		576AAFB32C02594500588BB7 /* BonVoyageWatchApp.swift */ = {isa = PBXFileReference; lastKnownFileType = sourcecode.swift; path = BonVoyageWatchApp.swift; sourceTree = "<group>"; };
		576AAFB52C02594500588BB7 /* ContentView.swift */ = {isa = PBXFileReference; lastKnownFileType = sourcecode.swift; path = ContentView.swift; sourceTree = "<group>"; };
		576AAFB72C02594600588BB7 /* Assets.xcassets */ = {isa = PBXFileReference; lastKnownFileType = folder.assetcatalog; path = Assets.xcassets; sourceTree = "<group>"; };
		576AAFBA2C02594600588BB7 /* Preview Assets.xcassets */ = {isa = PBXFileReference; lastKnownFileType = folder.assetcatalog; path = "Preview Assets.xcassets"; sourceTree = "<group>"; };
		576AAFC22C0259CD00588BB7 /* MapKit.framework */ = {isa = PBXFileReference; lastKnownFileType = wrapper.framework; name = MapKit.framework; path = Platforms/WatchOS.platform/Developer/SDKs/WatchOS10.4.sdk/System/Library/Frameworks/MapKit.framework; sourceTree = DEVELOPER_DIR; };
		576AAFC92C025ACD00588BB7 /* MapView.swift */ = {isa = PBXFileReference; lastKnownFileType = sourcecode.swift; path = MapView.swift; sourceTree = "<group>"; };
		576AAFD52C025F9200588BB7 /* LocationManager.swift */ = {isa = PBXFileReference; lastKnownFileType = sourcecode.swift; path = LocationManager.swift; sourceTree = "<group>"; };
		576AAFD92C039AE000588BB7 /* WorkoutView.swift */ = {isa = PBXFileReference; lastKnownFileType = sourcecode.swift; path = WorkoutView.swift; sourceTree = "<group>"; };
		576AAFDB2C039B9200588BB7 /* ViewModel.swift */ = {isa = PBXFileReference; lastKnownFileType = sourcecode.swift; path = ViewModel.swift; sourceTree = "<group>"; };
		576AAFDD2C039C7600588BB7 /* WorkoutManager.swift */ = {isa = PBXFileReference; lastKnownFileType = sourcecode.swift; path = WorkoutManager.swift; sourceTree = "<group>"; };
		576AAFDF2C039CC400588BB7 /* ConnectivityProvider.swift */ = {isa = PBXFileReference; lastKnownFileType = sourcecode.swift; path = ConnectivityProvider.swift; sourceTree = "<group>"; };
		576AAFE12C039D7800588BB7 /* LocationModel.swift */ = {isa = PBXFileReference; lastKnownFileType = sourcecode.swift; path = LocationModel.swift; sourceTree = "<group>"; };
		576AAFE32C039D8400588BB7 /* HeartRateModel.swift */ = {isa = PBXFileReference; lastKnownFileType = sourcecode.swift; path = HeartRateModel.swift; sourceTree = "<group>"; };
		576AAFE52C039DEC00588BB7 /* workoutState.swift */ = {isa = PBXFileReference; lastKnownFileType = sourcecode.swift; path = workoutState.swift; sourceTree = "<group>"; };
		576AAFE82C03A35600588BB7 /* WatchConnectivity.framework */ = {isa = PBXFileReference; lastKnownFileType = wrapper.framework; name = WatchConnectivity.framework; path = System/Library/Frameworks/WatchConnectivity.framework; sourceTree = SDKROOT; };
		576AAFEA2C03A36C00588BB7 /* HealthKit.framework */ = {isa = PBXFileReference; lastKnownFileType = wrapper.framework; name = HealthKit.framework; path = Platforms/WatchOS.platform/Developer/SDKs/WatchOS10.4.sdk/System/Library/Frameworks/HealthKit.framework; sourceTree = DEVELOPER_DIR; };
		576AAFEC2C03A37800588BB7 /* WatchConnectivity.framework */ = {isa = PBXFileReference; lastKnownFileType = wrapper.framework; name = WatchConnectivity.framework; path = Platforms/WatchOS.platform/Developer/SDKs/WatchOS10.4.sdk/System/Library/Frameworks/WatchConnectivity.framework; sourceTree = DEVELOPER_DIR; };
		576AAFF92C04DB3F00588BB7 /* BonVoyageWatch Watch App.entitlements */ = {isa = PBXFileReference; lastKnownFileType = text.plist.entitlements; path = "BonVoyageWatch Watch App.entitlements"; sourceTree = "<group>"; };
		576AAFFA2C06045200588BB7 /* BonVoyageWatch-Watch-App-Info.plist */ = {isa = PBXFileReference; lastKnownFileType = text.plist; path = "BonVoyageWatch-Watch-App-Info.plist"; sourceTree = SOURCE_ROOT; };
		576AAFFC2C0A4E1800588BB7 /* PushNotificationPayload.apns */ = {isa = PBXFileReference; lastKnownFileType = text; path = PushNotificationPayload.apns; sourceTree = "<group>"; };
		576AAFFE2C0A4E6000588BB7 /* NotificationView.swift */ = {isa = PBXFileReference; lastKnownFileType = sourcecode.swift; path = NotificationView.swift; sourceTree = "<group>"; };
		576AB0002C0A53C800588BB7 /* Interface.storyboard */ = {isa = PBXFileReference; lastKnownFileType = file.storyboard; path = Interface.storyboard; sourceTree = "<group>"; };
		5778FA032BCD849800CCB87F /* BonVoyage.app */ = {isa = PBXFileReference; explicitFileType = wrapper.application; includeInIndex = 0; path = BonVoyage.app; sourceTree = BUILT_PRODUCTS_DIR; };
		5778FA062BCD849800CCB87F /* BonVoyageApp.swift */ = {isa = PBXFileReference; lastKnownFileType = sourcecode.swift; path = BonVoyageApp.swift; sourceTree = "<group>"; };
		5778FA082BCD849800CCB87F /* ContentView.swift */ = {isa = PBXFileReference; lastKnownFileType = sourcecode.swift; path = ContentView.swift; sourceTree = "<group>"; };
		5778FA0A2BCD849800CCB87F /* Assets.xcassets */ = {isa = PBXFileReference; lastKnownFileType = folder.assetcatalog; path = Assets.xcassets; sourceTree = "<group>"; };
		5778FA0D2BCD849800CCB87F /* Preview Assets.xcassets */ = {isa = PBXFileReference; lastKnownFileType = folder.assetcatalog; path = "Preview Assets.xcassets"; sourceTree = "<group>"; };
		5778FA302BCD883400CCB87F /* BonVoyage.entitlements */ = {isa = PBXFileReference; lastKnownFileType = text.plist.entitlements; path = BonVoyage.entitlements; sourceTree = "<group>"; };
		5778FA312BCD883900CCB87F /* Info.plist */ = {isa = PBXFileReference; lastKnownFileType = text.plist; path = Info.plist; sourceTree = "<group>"; };
		5778FA352BCD8DD900CCB87F /* MapKit.framework */ = {isa = PBXFileReference; lastKnownFileType = wrapper.framework; name = MapKit.framework; path = System/Library/Frameworks/MapKit.framework; sourceTree = SDKROOT; };
/* End PBXFileReference section */

/* Begin PBXFrameworksBuildPhase section */
		576AAFAE2C02594500588BB7 /* Frameworks */ = {
			isa = PBXFrameworksBuildPhase;
			buildActionMask = 2147483647;
			files = (
				576AAFC32C0259CD00588BB7 /* MapKit.framework in Frameworks */,
				576AAFEB2C03A36D00588BB7 /* HealthKit.framework in Frameworks */,
				576AAFED2C03A37800588BB7 /* WatchConnectivity.framework in Frameworks */,
			);
			runOnlyForDeploymentPostprocessing = 0;
		};
		5778FA002BCD849800CCB87F /* Frameworks */ = {
			isa = PBXFrameworksBuildPhase;
			buildActionMask = 2147483647;
			files = (
				5778FA362BCD8DD900CCB87F /* MapKit.framework in Frameworks */,
				576AAFE92C03A35600588BB7 /* WatchConnectivity.framework in Frameworks */,
			);
			runOnlyForDeploymentPostprocessing = 0;
		};
/* End PBXFrameworksBuildPhase section */

/* Begin PBXGroup section */
		5725CF662BDAE16700AB5589 /* Features */ = {
			isa = PBXGroup;
			children = (
				5725CF6A2BDB00F000AB5589 /* Presentation */,
				5725CF672BDAE16F00AB5589 /* Manager */,
			);
			path = Features;
			sourceTree = "<group>";
		};
		5725CF672BDAE16F00AB5589 /* Manager */ = {
			isa = PBXGroup;
			children = (
				5725CF682BDAE18B00AB5589 /* LocationManager.swift */,
			);
			path = Manager;
			sourceTree = "<group>";
		};
		5725CF6A2BDB00F000AB5589 /* Presentation */ = {
			isa = PBXGroup;
			children = (
				573AC1C72BDB6E2B00D32220 /* Components */,
				5725CF6E2BDB015400AB5589 /* MapView */,
				5725CF6B2BDB00FF00AB5589 /* HomeView */,
			);
			path = Presentation;
			sourceTree = "<group>";
		};
		5725CF6B2BDB00FF00AB5589 /* HomeView */ = {
			isa = PBXGroup;
			children = (
				5725CF6C2BDB011200AB5589 /* HomeView.swift */,
			);
			path = HomeView;
			sourceTree = "<group>";
		};
		5725CF6E2BDB015400AB5589 /* MapView */ = {
			isa = PBXGroup;
			children = (
				5725CF702BDB017E00AB5589 /* ViewModel */,
				5725CF6F2BDB017A00AB5589 /* View */,
			);
			path = MapView;
			sourceTree = "<group>";
		};
		5725CF6F2BDB017A00AB5589 /* View */ = {
			isa = PBXGroup;
			children = (
				573AC1C42BDB6CD100D32220 /* Components */,
				5725CF712BDB019B00AB5589 /* MapView.swift */,
			);
			path = View;
			sourceTree = "<group>";
		};
		5725CF702BDB017E00AB5589 /* ViewModel */ = {
			isa = PBXGroup;
			children = (
				5725CF732BDB01A900AB5589 /* MapViewModel.swift */,
			);
			path = ViewModel;
			sourceTree = "<group>";
		};
		573AC1C42BDB6CD100D32220 /* Components */ = {
			isa = PBXGroup;
			children = (
				573AC1C52BDB6CEB00D32220 /* MapViewComponents.swift */,
			);
			path = Components;
			sourceTree = "<group>";
		};
		573AC1C72BDB6E2B00D32220 /* Components */ = {
			isa = PBXGroup;
			children = (
				573AC1C82BDB6E4600D32220 /* IconView.swift */,
				573AC1CA2BDB7FDE00D32220 /* AnimatedMarker.swift */,
			);
			path = Components;
			sourceTree = "<group>";
		};
		576AAFB22C02594500588BB7 /* BonVoyageWatch Watch App */ = {
			isa = PBXGroup;
			children = (
				576AAFFA2C06045200588BB7 /* BonVoyageWatch-Watch-App-Info.plist */,
				576AAFF92C04DB3F00588BB7 /* BonVoyageWatch Watch App.entitlements */,
				576AAFD42C025F7800588BB7 /* Controller */,
				576AAFCF2C025D0A00588BB7 /* Model */,
				576AB0022C0A53CE00588BB7 /* Notifications */,
				576AAFC82C025AB700588BB7 /* Views */,
				576AAFB32C02594500588BB7 /* BonVoyageWatchApp.swift */,
				576AAFB52C02594500588BB7 /* ContentView.swift */,
				576AAFB72C02594600588BB7 /* Assets.xcassets */,
				576AAFB92C02594600588BB7 /* Preview Content */,
			);
			path = "BonVoyageWatch Watch App";
			sourceTree = "<group>";
		};
		576AAFB92C02594600588BB7 /* Preview Content */ = {
			isa = PBXGroup;
			children = (
				576AAFBA2C02594600588BB7 /* Preview Assets.xcassets */,
			);
			path = "Preview Content";
			sourceTree = "<group>";
		};
		576AAFC82C025AB700588BB7 /* Views */ = {
			isa = PBXGroup;
			children = (
				576AAFC92C025ACD00588BB7 /* MapView.swift */,
				576AAFD92C039AE000588BB7 /* WorkoutView.swift */,
			);
			path = Views;
			sourceTree = "<group>";
		};
		576AAFCF2C025D0A00588BB7 /* Model */ = {
			isa = PBXGroup;
			children = (
				576AAFE12C039D7800588BB7 /* LocationModel.swift */,
				576AAFE32C039D8400588BB7 /* HeartRateModel.swift */,
				576AAFE52C039DEC00588BB7 /* workoutState.swift */,
			);
			path = Model;
			sourceTree = "<group>";
		};
		576AAFD42C025F7800588BB7 /* Controller */ = {
			isa = PBXGroup;
			children = (
				576AAFD52C025F9200588BB7 /* LocationManager.swift */,
				576AAFDB2C039B9200588BB7 /* ViewModel.swift */,
				576AAFDD2C039C7600588BB7 /* WorkoutManager.swift */,
				576AAFDF2C039CC400588BB7 /* ConnectivityProvider.swift */,
			);
			path = Controller;
			sourceTree = "<group>";
		};
		576AB0022C0A53CE00588BB7 /* Notifications */ = {
			isa = PBXGroup;
			children = (
				576AAFFC2C0A4E1800588BB7 /* PushNotificationPayload.apns */,
				576AAFFE2C0A4E6000588BB7 /* NotificationView.swift */,
				576AB0002C0A53C800588BB7 /* Interface.storyboard */,
			);
			path = Notifications;
			sourceTree = "<group>";
		};
		5778F9FA2BCD849800CCB87F = {
			isa = PBXGroup;
			children = (
				5778FA052BCD849800CCB87F /* BonVoyage */,
				576AAFB22C02594500588BB7 /* BonVoyageWatch Watch App */,
				5778FA042BCD849800CCB87F /* Products */,
				5778FA342BCD8DD900CCB87F /* Frameworks */,
			);
			sourceTree = "<group>";
		};
		5778FA042BCD849800CCB87F /* Products */ = {
			isa = PBXGroup;
			children = (
				5778FA032BCD849800CCB87F /* BonVoyage.app */,
				576AAFB12C02594500588BB7 /* BonVoyageWatch Watch App.app */,
			);
			name = Products;
			sourceTree = "<group>";
		};
		5778FA052BCD849800CCB87F /* BonVoyage */ = {
			isa = PBXGroup;
			children = (
				5778FA302BCD883400CCB87F /* BonVoyage.entitlements */,
				5725CF662BDAE16700AB5589 /* Features */,
				5778FA312BCD883900CCB87F /* Info.plist */,
				5778FA062BCD849800CCB87F /* BonVoyageApp.swift */,
				5778FA082BCD849800CCB87F /* ContentView.swift */,
				5778FA0A2BCD849800CCB87F /* Assets.xcassets */,
				5778FA0C2BCD849800CCB87F /* Preview Content */,
			);
			path = BonVoyage;
			sourceTree = "<group>";
		};
		5778FA0C2BCD849800CCB87F /* Preview Content */ = {
			isa = PBXGroup;
			children = (
				5778FA0D2BCD849800CCB87F /* Preview Assets.xcassets */,
			);
			path = "Preview Content";
			sourceTree = "<group>";
		};
		5778FA342BCD8DD900CCB87F /* Frameworks */ = {
			isa = PBXGroup;
			children = (
				576AAFEC2C03A37800588BB7 /* WatchConnectivity.framework */,
				576AAFEA2C03A36C00588BB7 /* HealthKit.framework */,
				576AAFE82C03A35600588BB7 /* WatchConnectivity.framework */,
				576AAFC22C0259CD00588BB7 /* MapKit.framework */,
				576AAF842BFDF2E500588BB7 /* WatchKit.framework */,
				5778FA352BCD8DD900CCB87F /* MapKit.framework */,
			);
			name = Frameworks;
			sourceTree = "<group>";
		};
/* End PBXGroup section */

/* Begin PBXNativeTarget section */
		576AAFB02C02594500588BB7 /* BonVoyageWatch Watch App */ = {
			isa = PBXNativeTarget;
			buildConfigurationList = 576AAFBF2C02594600588BB7 /* Build configuration list for PBXNativeTarget "BonVoyageWatch Watch App" */;
			buildPhases = (
				576AAFAD2C02594500588BB7 /* Sources */,
				576AAFAE2C02594500588BB7 /* Frameworks */,
				576AAFAF2C02594500588BB7 /* Resources */,
			);
			buildRules = (
			);
			dependencies = (
			);
			name = "BonVoyageWatch Watch App";
			productName = "BonVoyageWatch Watch App";
			productReference = 576AAFB12C02594500588BB7 /* BonVoyageWatch Watch App.app */;
			productType = "com.apple.product-type.application";
		};
		5778FA022BCD849800CCB87F /* BonVoyage */ = {
			isa = PBXNativeTarget;
			buildConfigurationList = 5778FA272BCD849900CCB87F /* Build configuration list for PBXNativeTarget "BonVoyage" */;
			buildPhases = (
				5778F9FF2BCD849800CCB87F /* Sources */,
				5778FA002BCD849800CCB87F /* Frameworks */,
				5778FA012BCD849800CCB87F /* Resources */,
				576AAF8C2BFDF30700588BB7 /* Embed Watch Content */,
			);
			buildRules = (
			);
			dependencies = (
				576AAFBD2C02594600588BB7 /* PBXTargetDependency */,
			);
			name = BonVoyage;
			packageProductDependencies = (
			);
			productName = BonVoyage;
			productReference = 5778FA032BCD849800CCB87F /* BonVoyage.app */;
			productType = "com.apple.product-type.application";
		};
/* End PBXNativeTarget section */

/* Begin PBXProject section */
		5778F9FB2BCD849800CCB87F /* Project object */ = {
			isa = PBXProject;
			attributes = {
				BuildIndependentTargetsInParallel = YES;
				LastSwiftUpdateCheck = 1530;
				LastUpgradeCheck = 1530;
				TargetAttributes = {
					576AAFB02C02594500588BB7 = {
						CreatedOnToolsVersion = 15.3;
					};
					5778FA022BCD849800CCB87F = {
						CreatedOnToolsVersion = 14.0.1;
					};
				};
			};
			buildConfigurationList = 5778F9FE2BCD849800CCB87F /* Build configuration list for PBXProject "BonVoyage" */;
			compatibilityVersion = "Xcode 14.0";
			developmentRegion = en;
			hasScannedForEncodings = 0;
			knownRegions = (
				en,
				Base,
			);
			mainGroup = 5778F9FA2BCD849800CCB87F;
			packageReferences = (
				576AAFAA2C00BCE400588BB7 /* XCLocalSwiftPackageReference "../Desktop/socket.io-client-swift" */,
			);
			productRefGroup = 5778FA042BCD849800CCB87F /* Products */;
			projectDirPath = "";
			projectRoot = "";
			targets = (
				5778FA022BCD849800CCB87F /* BonVoyage */,
				576AAFB02C02594500588BB7 /* BonVoyageWatch Watch App */,
			);
		};
/* End PBXProject section */

/* Begin PBXResourcesBuildPhase section */
		576AAFAF2C02594500588BB7 /* Resources */ = {
			isa = PBXResourcesBuildPhase;
			buildActionMask = 2147483647;
			files = (
				576AB0012C0A53C800588BB7 /* Interface.storyboard in Resources */,
				576AAFBB2C02594600588BB7 /* Preview Assets.xcassets in Resources */,
				576AAFB82C02594600588BB7 /* Assets.xcassets in Resources */,
				576AAFFD2C0A4E1800588BB7 /* PushNotificationPayload.apns in Resources */,
			);
			runOnlyForDeploymentPostprocessing = 0;
		};
		5778FA012BCD849800CCB87F /* Resources */ = {
			isa = PBXResourcesBuildPhase;
			buildActionMask = 2147483647;
			files = (
				5778FA0E2BCD849800CCB87F /* Preview Assets.xcassets in Resources */,
				5778FA0B2BCD849800CCB87F /* Assets.xcassets in Resources */,
			);
			runOnlyForDeploymentPostprocessing = 0;
		};
/* End PBXResourcesBuildPhase section */

/* Begin PBXSourcesBuildPhase section */
		576AAFAD2C02594500588BB7 /* Sources */ = {
			isa = PBXSourcesBuildPhase;
			buildActionMask = 2147483647;
			files = (
				576AAFCB2C025B8300588BB7 /* AnimatedMarker.swift in Sources */,
				576AAFE62C039DEC00588BB7 /* workoutState.swift in Sources */,
				576AAFDA2C039AE000588BB7 /* WorkoutView.swift in Sources */,
				576AAFFF2C0A4E6000588BB7 /* NotificationView.swift in Sources */,
				576AAFB62C02594500588BB7 /* ContentView.swift in Sources */,
				576AAFE02C039CC400588BB7 /* ConnectivityProvider.swift in Sources */,
				576AAFD62C025F9200588BB7 /* LocationManager.swift in Sources */,
				576AAFE22C039D7800588BB7 /* LocationModel.swift in Sources */,
				576AAFCA2C025ACD00588BB7 /* MapView.swift in Sources */,
				576AAFE42C039D8400588BB7 /* HeartRateModel.swift in Sources */,
				576AAFDE2C039C7600588BB7 /* WorkoutManager.swift in Sources */,
				576AAFDC2C039B9200588BB7 /* ViewModel.swift in Sources */,
				576AAFB42C02594500588BB7 /* BonVoyageWatchApp.swift in Sources */,
			);
			runOnlyForDeploymentPostprocessing = 0;
		};
		5778F9FF2BCD849800CCB87F /* Sources */ = {
			isa = PBXSourcesBuildPhase;
			buildActionMask = 2147483647;
			files = (
				573AC1CB2BDB7FDE00D32220 /* AnimatedMarker.swift in Sources */,
				5725CF692BDAE18B00AB5589 /* LocationManager.swift in Sources */,
				5725CF722BDB019B00AB5589 /* MapView.swift in Sources */,
				5778FA092BCD849800CCB87F /* ContentView.swift in Sources */,
				5725CF742BDB01A900AB5589 /* MapViewModel.swift in Sources */,
				573AC1C62BDB6CEB00D32220 /* MapViewComponents.swift in Sources */,
				573AC1C92BDB6E4600D32220 /* IconView.swift in Sources */,
				5725CF6D2BDB011200AB5589 /* HomeView.swift in Sources */,
				5778FA072BCD849800CCB87F /* BonVoyageApp.swift in Sources */,
			);
			runOnlyForDeploymentPostprocessing = 0;
		};
/* End PBXSourcesBuildPhase section */

/* Begin PBXTargetDependency section */
		576AAFBD2C02594600588BB7 /* PBXTargetDependency */ = {
			isa = PBXTargetDependency;
			target = 576AAFB02C02594500588BB7 /* BonVoyageWatch Watch App */;
			targetProxy = 576AAFBC2C02594600588BB7 /* PBXContainerItemProxy */;
		};
/* End PBXTargetDependency section */

/* Begin XCBuildConfiguration section */
		576AAFC02C02594600588BB7 /* Debug */ = {
			isa = XCBuildConfiguration;
			buildSettings = {
				ASSETCATALOG_COMPILER_APPICON_NAME = AppIcon;
				ASSETCATALOG_COMPILER_GENERATE_SWIFT_ASSET_SYMBOL_EXTENSIONS = YES;
				ASSETCATALOG_COMPILER_GLOBAL_ACCENT_COLOR_NAME = AccentColor;
				ASSETCATALOG_COMPILER_INCLUDE_ALL_APPICON_ASSETS = NO;
				CODE_SIGN_ENTITLEMENTS = "BonVoyageWatch Watch App/BonVoyageWatch Watch App.entitlements";
				CODE_SIGN_STYLE = Automatic;
				CURRENT_PROJECT_VERSION = 1;
				DEVELOPMENT_ASSET_PATHS = "\"BonVoyageWatch Watch App/Preview Content\"";
				DEVELOPMENT_TEAM = Q3WX6797WM;
				ENABLE_PREVIEWS = YES;
				ENABLE_USER_SCRIPT_SANDBOXING = YES;
				GCC_C_LANGUAGE_STANDARD = gnu17;
				GENERATE_INFOPLIST_FILE = YES;
				INFOPLIST_FILE = "BonVoyageWatch-Watch-App-Info.plist";
				INFOPLIST_KEY_CFBundleDisplayName = BonVoyageWatch;
				INFOPLIST_KEY_NSHealthShareUsageDescription = "Tus datos de salud sirven para monitorizar tu estado y ofrecerte una conducción segura.";
				INFOPLIST_KEY_NSHealthUpdateUsageDescription = "Tus datos de salud sirven para monitorizar tu estado y ofrecerte una conducción segura.";
				INFOPLIST_KEY_NSLocationWhenInUseUsageDescription = "Tu ubicación sirve para mostrar tu posición en el mapa, obtener indicaciones, estimar los tiempos de viaje y mejorar los resultados de búsqueda.";
				INFOPLIST_KEY_UISupportedInterfaceOrientations = "UIInterfaceOrientationPortrait UIInterfaceOrientationPortraitUpsideDown";
				INFOPLIST_KEY_WKCompanionAppBundleIdentifier = Christian.BonVoyage;
				INFOPLIST_KEY_WKRunsIndependentlyOfCompanionApp = YES;
				LD_RUNPATH_SEARCH_PATHS = (
					"$(inherited)",
					"@executable_path/Frameworks",
				);
				LOCALIZATION_PREFERS_STRING_CATALOGS = YES;
				MARKETING_VERSION = 1.0;
				PRODUCT_BUNDLE_IDENTIFIER = Christian.BonVoyage.watchkitapp;
				PRODUCT_NAME = "$(TARGET_NAME)";
				SDKROOT = watchos;
				SKIP_INSTALL = YES;
				SWIFT_ACTIVE_COMPILATION_CONDITIONS = "DEBUG $(inherited)";
				SWIFT_EMIT_LOC_STRINGS = YES;
				SWIFT_VERSION = 5.0;
				TARGETED_DEVICE_FAMILY = 4;
				WATCHOS_DEPLOYMENT_TARGET = 10.0;
			};
			name = Debug;
		};
		576AAFC12C02594600588BB7 /* Release */ = {
			isa = XCBuildConfiguration;
			buildSettings = {
				ASSETCATALOG_COMPILER_APPICON_NAME = AppIcon;
				ASSETCATALOG_COMPILER_GENERATE_SWIFT_ASSET_SYMBOL_EXTENSIONS = YES;
				ASSETCATALOG_COMPILER_GLOBAL_ACCENT_COLOR_NAME = AccentColor;
				ASSETCATALOG_COMPILER_INCLUDE_ALL_APPICON_ASSETS = NO;
				CODE_SIGN_ENTITLEMENTS = "BonVoyageWatch Watch App/BonVoyageWatch Watch App.entitlements";
				CODE_SIGN_STYLE = Automatic;
				CURRENT_PROJECT_VERSION = 1;
				DEVELOPMENT_ASSET_PATHS = "\"BonVoyageWatch Watch App/Preview Content\"";
				DEVELOPMENT_TEAM = Q3WX6797WM;
				ENABLE_PREVIEWS = YES;
				ENABLE_USER_SCRIPT_SANDBOXING = YES;
				GCC_C_LANGUAGE_STANDARD = gnu17;
				GENERATE_INFOPLIST_FILE = YES;
				INFOPLIST_FILE = "BonVoyageWatch-Watch-App-Info.plist";
				INFOPLIST_KEY_CFBundleDisplayName = BonVoyageWatch;
				INFOPLIST_KEY_NSHealthShareUsageDescription = "Tus datos de salud sirven para monitorizar tu estado y ofrecerte una conducción segura.";
				INFOPLIST_KEY_NSHealthUpdateUsageDescription = "Tus datos de salud sirven para monitorizar tu estado y ofrecerte una conducción segura.";
				INFOPLIST_KEY_NSLocationWhenInUseUsageDescription = "Tu ubicación sirve para mostrar tu posición en el mapa, obtener indicaciones, estimar los tiempos de viaje y mejorar los resultados de búsqueda.";
				INFOPLIST_KEY_UISupportedInterfaceOrientations = "UIInterfaceOrientationPortrait UIInterfaceOrientationPortraitUpsideDown";
				INFOPLIST_KEY_WKCompanionAppBundleIdentifier = Christian.BonVoyage;
				INFOPLIST_KEY_WKRunsIndependentlyOfCompanionApp = YES;
				LD_RUNPATH_SEARCH_PATHS = (
					"$(inherited)",
					"@executable_path/Frameworks",
				);
				LOCALIZATION_PREFERS_STRING_CATALOGS = YES;
				MARKETING_VERSION = 1.0;
				PRODUCT_BUNDLE_IDENTIFIER = Christian.BonVoyage.watchkitapp;
				PRODUCT_NAME = "$(TARGET_NAME)";
				SDKROOT = watchos;
				SKIP_INSTALL = YES;
				SWIFT_EMIT_LOC_STRINGS = YES;
				SWIFT_VERSION = 5.0;
				TARGETED_DEVICE_FAMILY = 4;
				WATCHOS_DEPLOYMENT_TARGET = 10.0;
			};
			name = Release;
		};
		5778FA252BCD849900CCB87F /* Debug */ = {
			isa = XCBuildConfiguration;
			buildSettings = {
				ALWAYS_SEARCH_USER_PATHS = NO;
				ASSETCATALOG_COMPILER_GENERATE_SWIFT_ASSET_SYMBOL_EXTENSIONS = YES;
				CLANG_ANALYZER_NONNULL = YES;
				CLANG_ANALYZER_NUMBER_OBJECT_CONVERSION = YES_AGGRESSIVE;
				CLANG_CXX_LANGUAGE_STANDARD = "gnu++20";
				CLANG_ENABLE_MODULES = YES;
				CLANG_ENABLE_OBJC_ARC = YES;
				CLANG_ENABLE_OBJC_WEAK = YES;
				CLANG_WARN_BLOCK_CAPTURE_AUTORELEASING = YES;
				CLANG_WARN_BOOL_CONVERSION = YES;
				CLANG_WARN_COMMA = YES;
				CLANG_WARN_CONSTANT_CONVERSION = YES;
				CLANG_WARN_DEPRECATED_OBJC_IMPLEMENTATIONS = YES;
				CLANG_WARN_DIRECT_OBJC_ISA_USAGE = YES_ERROR;
				CLANG_WARN_DOCUMENTATION_COMMENTS = YES;
				CLANG_WARN_EMPTY_BODY = YES;
				CLANG_WARN_ENUM_CONVERSION = YES;
				CLANG_WARN_INFINITE_RECURSION = YES;
				CLANG_WARN_INT_CONVERSION = YES;
				CLANG_WARN_NON_LITERAL_NULL_CONVERSION = YES;
				CLANG_WARN_OBJC_IMPLICIT_RETAIN_SELF = YES;
				CLANG_WARN_OBJC_LITERAL_CONVERSION = YES;
				CLANG_WARN_OBJC_ROOT_CLASS = YES_ERROR;
				CLANG_WARN_QUOTED_INCLUDE_IN_FRAMEWORK_HEADER = YES;
				CLANG_WARN_RANGE_LOOP_ANALYSIS = YES;
				CLANG_WARN_STRICT_PROTOTYPES = YES;
				CLANG_WARN_SUSPICIOUS_MOVE = YES;
				CLANG_WARN_UNGUARDED_AVAILABILITY = YES_AGGRESSIVE;
				CLANG_WARN_UNREACHABLE_CODE = YES;
				CLANG_WARN__DUPLICATE_METHOD_MATCH = YES;
				COPY_PHASE_STRIP = NO;
				DEBUG_INFORMATION_FORMAT = dwarf;
				ENABLE_STRICT_OBJC_MSGSEND = YES;
				ENABLE_TESTABILITY = YES;
				GCC_C_LANGUAGE_STANDARD = gnu11;
				GCC_DYNAMIC_NO_PIC = NO;
				GCC_NO_COMMON_BLOCKS = YES;
				GCC_OPTIMIZATION_LEVEL = 0;
				GCC_PREPROCESSOR_DEFINITIONS = (
					"DEBUG=1",
					"$(inherited)",
				);
				GCC_WARN_64_TO_32_BIT_CONVERSION = YES;
				GCC_WARN_ABOUT_RETURN_TYPE = YES_ERROR;
				GCC_WARN_UNDECLARED_SELECTOR = YES;
				GCC_WARN_UNINITIALIZED_AUTOS = YES_AGGRESSIVE;
				GCC_WARN_UNUSED_FUNCTION = YES;
				GCC_WARN_UNUSED_VARIABLE = YES;
				IPHONEOS_DEPLOYMENT_TARGET = 17.4;
				MTL_ENABLE_DEBUG_INFO = INCLUDE_SOURCE;
				MTL_FAST_MATH = YES;
				ONLY_ACTIVE_ARCH = YES;
				SDKROOT = iphoneos;
				SWIFT_ACTIVE_COMPILATION_CONDITIONS = DEBUG;
				SWIFT_OPTIMIZATION_LEVEL = "-Onone";
				WATCHOS_DEPLOYMENT_TARGET = 10.4;
			};
			name = Debug;
		};
		5778FA262BCD849900CCB87F /* Release */ = {
			isa = XCBuildConfiguration;
			buildSettings = {
				ALWAYS_SEARCH_USER_PATHS = NO;
				ASSETCATALOG_COMPILER_GENERATE_SWIFT_ASSET_SYMBOL_EXTENSIONS = YES;
				CLANG_ANALYZER_NONNULL = YES;
				CLANG_ANALYZER_NUMBER_OBJECT_CONVERSION = YES_AGGRESSIVE;
				CLANG_CXX_LANGUAGE_STANDARD = "gnu++20";
				CLANG_ENABLE_MODULES = YES;
				CLANG_ENABLE_OBJC_ARC = YES;
				CLANG_ENABLE_OBJC_WEAK = YES;
				CLANG_WARN_BLOCK_CAPTURE_AUTORELEASING = YES;
				CLANG_WARN_BOOL_CONVERSION = YES;
				CLANG_WARN_COMMA = YES;
				CLANG_WARN_CONSTANT_CONVERSION = YES;
				CLANG_WARN_DEPRECATED_OBJC_IMPLEMENTATIONS = YES;
				CLANG_WARN_DIRECT_OBJC_ISA_USAGE = YES_ERROR;
				CLANG_WARN_DOCUMENTATION_COMMENTS = YES;
				CLANG_WARN_EMPTY_BODY = YES;
				CLANG_WARN_ENUM_CONVERSION = YES;
				CLANG_WARN_INFINITE_RECURSION = YES;
				CLANG_WARN_INT_CONVERSION = YES;
				CLANG_WARN_NON_LITERAL_NULL_CONVERSION = YES;
				CLANG_WARN_OBJC_IMPLICIT_RETAIN_SELF = YES;
				CLANG_WARN_OBJC_LITERAL_CONVERSION = YES;
				CLANG_WARN_OBJC_ROOT_CLASS = YES_ERROR;
				CLANG_WARN_QUOTED_INCLUDE_IN_FRAMEWORK_HEADER = YES;
				CLANG_WARN_RANGE_LOOP_ANALYSIS = YES;
				CLANG_WARN_STRICT_PROTOTYPES = YES;
				CLANG_WARN_SUSPICIOUS_MOVE = YES;
				CLANG_WARN_UNGUARDED_AVAILABILITY = YES_AGGRESSIVE;
				CLANG_WARN_UNREACHABLE_CODE = YES;
				CLANG_WARN__DUPLICATE_METHOD_MATCH = YES;
				COPY_PHASE_STRIP = NO;
				DEBUG_INFORMATION_FORMAT = "dwarf-with-dsym";
				ENABLE_NS_ASSERTIONS = NO;
				ENABLE_STRICT_OBJC_MSGSEND = YES;
				GCC_C_LANGUAGE_STANDARD = gnu11;
				GCC_NO_COMMON_BLOCKS = YES;
				GCC_WARN_64_TO_32_BIT_CONVERSION = YES;
				GCC_WARN_ABOUT_RETURN_TYPE = YES_ERROR;
				GCC_WARN_UNDECLARED_SELECTOR = YES;
				GCC_WARN_UNINITIALIZED_AUTOS = YES_AGGRESSIVE;
				GCC_WARN_UNUSED_FUNCTION = YES;
				GCC_WARN_UNUSED_VARIABLE = YES;
				IPHONEOS_DEPLOYMENT_TARGET = 17.4;
				MTL_ENABLE_DEBUG_INFO = NO;
				MTL_FAST_MATH = YES;
				SDKROOT = iphoneos;
				SWIFT_COMPILATION_MODE = wholemodule;
				SWIFT_OPTIMIZATION_LEVEL = "-O";
				VALIDATE_PRODUCT = YES;
				WATCHOS_DEPLOYMENT_TARGET = 10.4;
			};
			name = Release;
		};
		5778FA282BCD849900CCB87F /* Debug */ = {
			isa = XCBuildConfiguration;
			buildSettings = {
				ALWAYS_EMBED_SWIFT_STANDARD_LIBRARIES = YES;
				ASSETCATALOG_COMPILER_APPICON_NAME = AppIcon;
				ASSETCATALOG_COMPILER_GLOBAL_ACCENT_COLOR_NAME = AccentColor;
				CODE_SIGN_ENTITLEMENTS = BonVoyage/BonVoyage.entitlements;
				CODE_SIGN_STYLE = Automatic;
				CURRENT_PROJECT_VERSION = 1;
				DEVELOPMENT_ASSET_PATHS = "\"BonVoyage/Preview Content\"";
				DEVELOPMENT_TEAM = Q3WX6797WM;
				ENABLE_PREVIEWS = YES;
				GENERATE_INFOPLIST_FILE = YES;
				INFOPLIST_FILE = BonVoyage/Info.plist;
				INFOPLIST_KEY_LSApplicationCategoryType = "public.app-category.navigation";
				INFOPLIST_KEY_NSHealthShareUsageDescription = "Tus datos de salud sirven para monitorizar tu estado y ofrecerte una conducción segura.";
				INFOPLIST_KEY_NSHealthUpdateUsageDescription = "Tus datos de salud sirven para monitorizar tu estado y ofrecerte una conducción segura.";
				INFOPLIST_KEY_NSLocationWhenInUseUsageDescription = "Tu ubicación sirve para mostrar tu posición en el mapa, obtener indicaciones, estimar los tiempos de viaje y mejorar los resultados de búsqueda.";
				INFOPLIST_KEY_UIApplicationSceneManifest_Generation = YES;
				INFOPLIST_KEY_UIApplicationSupportsIndirectInputEvents = YES;
				INFOPLIST_KEY_UILaunchScreen_Generation = YES;
				INFOPLIST_KEY_UISupportedInterfaceOrientations_iPad = "UIInterfaceOrientationPortrait UIInterfaceOrientationPortraitUpsideDown UIInterfaceOrientationLandscapeLeft UIInterfaceOrientationLandscapeRight";
				INFOPLIST_KEY_UISupportedInterfaceOrientations_iPhone = "UIInterfaceOrientationPortrait UIInterfaceOrientationLandscapeLeft UIInterfaceOrientationLandscapeRight";
				IPHONEOS_DEPLOYMENT_TARGET = 17.0;
				LD_RUNPATH_SEARCH_PATHS = (
					"$(inherited)",
					"@executable_path/Frameworks",
				);
				MARKETING_VERSION = 1.0;
				PRODUCT_BUNDLE_IDENTIFIER = Christian.BonVoyage;
				PRODUCT_NAME = "$(TARGET_NAME)";
				SWIFT_EMIT_LOC_STRINGS = YES;
				SWIFT_VERSION = 5.0;
				TARGETED_DEVICE_FAMILY = "1,2";
			};
			name = Debug;
		};
		5778FA292BCD849900CCB87F /* Release */ = {
			isa = XCBuildConfiguration;
			buildSettings = {
				ALWAYS_EMBED_SWIFT_STANDARD_LIBRARIES = YES;
				ASSETCATALOG_COMPILER_APPICON_NAME = AppIcon;
				ASSETCATALOG_COMPILER_GLOBAL_ACCENT_COLOR_NAME = AccentColor;
				CODE_SIGN_ENTITLEMENTS = BonVoyage/BonVoyage.entitlements;
				CODE_SIGN_STYLE = Automatic;
				CURRENT_PROJECT_VERSION = 1;
				DEVELOPMENT_ASSET_PATHS = "\"BonVoyage/Preview Content\"";
				DEVELOPMENT_TEAM = Q3WX6797WM;
				ENABLE_PREVIEWS = YES;
				GENERATE_INFOPLIST_FILE = YES;
				INFOPLIST_FILE = BonVoyage/Info.plist;
				INFOPLIST_KEY_LSApplicationCategoryType = "public.app-category.navigation";
				INFOPLIST_KEY_NSHealthShareUsageDescription = "Tus datos de salud sirven para monitorizar tu estado y ofrecerte una conducción segura.";
				INFOPLIST_KEY_NSHealthUpdateUsageDescription = "Tus datos de salud sirven para monitorizar tu estado y ofrecerte una conducción segura.";
				INFOPLIST_KEY_NSLocationWhenInUseUsageDescription = "Tu ubicación sirve para mostrar tu posición en el mapa, obtener indicaciones, estimar los tiempos de viaje y mejorar los resultados de búsqueda.";
				INFOPLIST_KEY_UIApplicationSceneManifest_Generation = YES;
				INFOPLIST_KEY_UIApplicationSupportsIndirectInputEvents = YES;
				INFOPLIST_KEY_UILaunchScreen_Generation = YES;
				INFOPLIST_KEY_UISupportedInterfaceOrientations_iPad = "UIInterfaceOrientationPortrait UIInterfaceOrientationPortraitUpsideDown UIInterfaceOrientationLandscapeLeft UIInterfaceOrientationLandscapeRight";
				INFOPLIST_KEY_UISupportedInterfaceOrientations_iPhone = "UIInterfaceOrientationPortrait UIInterfaceOrientationLandscapeLeft UIInterfaceOrientationLandscapeRight";
				IPHONEOS_DEPLOYMENT_TARGET = 17.0;
				LD_RUNPATH_SEARCH_PATHS = (
					"$(inherited)",
					"@executable_path/Frameworks",
				);
				MARKETING_VERSION = 1.0;
				PRODUCT_BUNDLE_IDENTIFIER = Christian.BonVoyage;
				PRODUCT_NAME = "$(TARGET_NAME)";
				SWIFT_EMIT_LOC_STRINGS = YES;
				SWIFT_VERSION = 5.0;
				TARGETED_DEVICE_FAMILY = "1,2";
			};
			name = Release;
		};
/* End XCBuildConfiguration section */

/* Begin XCConfigurationList section */
		576AAFBF2C02594600588BB7 /* Build configuration list for PBXNativeTarget "BonVoyageWatch Watch App" */ = {
			isa = XCConfigurationList;
			buildConfigurations = (
				576AAFC02C02594600588BB7 /* Debug */,
				576AAFC12C02594600588BB7 /* Release */,
			);
			defaultConfigurationIsVisible = 0;
			defaultConfigurationName = Release;
		};
		5778F9FE2BCD849800CCB87F /* Build configuration list for PBXProject "BonVoyage" */ = {
			isa = XCConfigurationList;
			buildConfigurations = (
				5778FA252BCD849900CCB87F /* Debug */,
				5778FA262BCD849900CCB87F /* Release */,
			);
			defaultConfigurationIsVisible = 0;
			defaultConfigurationName = Release;
		};
		5778FA272BCD849900CCB87F /* Build configuration list for PBXNativeTarget "BonVoyage" */ = {
			isa = XCConfigurationList;
			buildConfigurations = (
				5778FA282BCD849900CCB87F /* Debug */,
				5778FA292BCD849900CCB87F /* Release */,
			);
			defaultConfigurationIsVisible = 0;
			defaultConfigurationName = Release;
		};
/* End XCConfigurationList section */

/* Begin XCLocalSwiftPackageReference section */
		576AAFAA2C00BCE400588BB7 /* XCLocalSwiftPackageReference "../Desktop/socket.io-client-swift" */ = {
			isa = XCLocalSwiftPackageReference;
			relativePath = "../Desktop/socket.io-client-swift";
		};
/* End XCLocalSwiftPackageReference section */
	};
	rootObject = 5778F9FB2BCD849800CCB87F /* Project object */;
}
